
Microsoft Visual Studio Solution File, Format Version 12.00
# Visual Studio Version 17
VisualStudioVersion = 17.0.32112.339
MinimumVisualStudioVersion = 10.0.40219.1
Project("{F184B08F-C81C-45F6-A57F-5ABD9991F28F}") = "Sistema de Facturacion", "Sistema de Facturacion.vbproj", "{97A75818-A7A2-42F2-8784-3CA2F911CCD5}"
EndProject
Global
	GlobalSection(SolutionConfigurationPlatforms) = preSolution
		Debug|Any CPU = Debug|Any CPU
		Release|Any CPU = Release|Any CPU
	EndGlobalSection
	GlobalSection(ProjectConfigurationPlatforms) = postSolution
		{97A75818-A7A2-42F2-8784-3CA2F911CCD5}.Debug|Any CPU.ActiveCfg = Debug|Any CPU
		{97A75818-A7A2-42F2-8784-3CA2F911CCD5}.Debug|Any CPU.Build.0 = Debug|Any CPU
		{97A75818-A7A2-42F2-8784-3CA2F911CCD5}.Release|Any CPU.ActiveCfg = Release|Any CPU
		{97A75818-A7A2-42F2-8784-3CA2F911CCD5}.Release|Any CPU.Build.0 = Release|Any CPU
	EndGlobalSection
	GlobalSection(SolutionProperties) = preSolution
		HideSolutionNode = FALSE
	EndGlobalSection
	GlobalSection(ExtensibilityGlobals) = postSolution
		SolutionGuid = {4165D18B-EA21-4C7E-8A33-34C7D40D2395}
	EndGlobalSection
EndGlobal
